{
  "name": "starter-capsule",
  "version": "1.0.0",
  "lockfileVersion": 3,
  "requires": true,
  "packages": {
    "": {
      "name": "starter-capsule",
      "version": "1.0.0",
      "dependencies": {
        "ternoa-js": "file:../../build"
      },
      "devDependencies": {
        "@tsconfig/node18-strictest-esm": "1.0.0"
      }
    },
    "../../build": {
      "version": "1.6.0",
      "license": "Apache-2.0",
      "dependencies": {
        "@polkadot/api": "^10.7.1",
        "axios": "0.27.x",
        "bn.js": "5.2.x",
        "buffer": "6.0.x",
        "crypto-js": "^4.1.1",
        "form-data-encoder": "1.7.x",
        "formdata-node": "4.4.x",
        "openpgp": "5.9.0",
        "rimraf": "^5.0.5",
        "stream": "0.0.x",
        "vsss-wasm": "^0.1.0"
      },
      "engines": {
        "node": ">=14.13.1 || >=16.0.0"
      }
    },
    "node_modules/@tsconfig/node18-strictest-esm": {
      "version": "1.0.0",
      "resolved": "https://registry.npmjs.org/@tsconfig/node18-strictest-esm/-/node18-strictest-esm-1.0.0.tgz",
      "integrity": "sha512-4lY2mZXGFaW13OYcz6kwWFussLbIAg5XBlS2h72jzr4mqr/CuFmF04S7hkpBYbw0k/TNQ4tFLx1/j6VpBqr3Tg==",
      "deprecated": "TypeScript 5.0 supports combining TSConfigs using array syntax in extends",
      "dev": true
    },
    "node_modules/ternoa-js": {
      "resolved": "../../build",
      "link": true
    }
  }
}
